# THIS IS AN AUTOGENERATED FILE. DO NOT EDIT THIS FILE DIRECTLY.
# yarn lockfile v1


"@playwright/test@1.62.0":
  version "1.62.0"
  resolved "https://registry.yarnpkg.com/@playwright/test/-/test-1.62.0.tgz#dab444563549f4cc94caacb7d6a72067bff4aac6"
  integrity sha512-9zOJ6ZQRAena31MpOH9VSzIz8Ou3YJ/wtY/eQm5T2uhfhG7/U3COrMS8xOtUrZrp9OgdmzEnIYODye3nY1VqzA==
  dependencies:
    playwright "1.62.0"

"@types/node@*":
  version "26.1.1"
  resolved "https://registry.yarnpkg.com/@types/node/-/node-26.1.1.tgz#bad758d601e97d6cf457d204ee76a35fce7bd119"
  integrity sha512-nxAkRSVkN1Y0JC1W8ky/fTfkGsMmcrRsbx+3XoZE+rMOX71kLYTV7fLXpqud1GpbpP5TuffXFqfX7fH2GgZREw==
  dependencies:
    undici-types "~8.3.0"

"@types/pngjs@6.0.5":
  version "6.0.5"
  resolved "https://registry.yarnpkg.com/@types/pngjs/-/pngjs-6.0.5.tgz#6dec2f7eb8284543ca4e423f3c09b119fa939ea3"
  integrity sha512-0k5eKfrA83JOZPppLtS2C7OUtyNAl2wKNxfyYl9Q5g9lPkgBl/9hNyAu6HuEH2J4XmIv2znEpkDd0SaZVxW6iQ==
  dependencies:
    "@types/node" "*"

"@zxing/library@0.21.3":
  version "0.21.3"
  resolved "https://registry.yarnpkg.com/@zxing/library/-/library-0.21.3.tgz#0a4cb777701884131832b05922d7e88ef1b87ab4"
  integrity sha512-hZHqFe2JyH/ZxviJZosZjV+2s6EDSY0O24R+FQmlWZBZXP9IqMo7S3nb3+2LBWxodJQkSurdQGnqE7KXqrYgow==
  dependencies:
    ts-custom-error "^3.2.1"
  optionalDependencies:
    "@zxing/text-encoding" "~0.9.0"

"@zxing/text-encoding@~0.9.0":
  version "0.9.0"
  resolved "https://registry.yarnpkg.com/@zxing/text-encoding/-/text-encoding-0.9.0.tgz#fb50ffabc6c7c66a0c96b4c03e3d9be74864b70b"
  integrity sha512-U/4aVJ2mxI0aDNI8Uq0wEhMgY+u4CNtEb0om3+y3+niDAsoTCOB33UF0sxpzqzdqXLqmvc+vZyAt4O8pPdfkwA==

fsevents@2.3.2:
  version "2.3.2"
  resolved "https://registry.yarnpkg.com/fsevents/-/fsevents-2.3.2.tgz#8a526f78b8fdf4623b709e0b975c52c24c02fd1a"
  integrity sha512-xiqMQR4xAeHTuB9uWm+fFRcIOgKBMiOBP+eXiyT7jsgVCq1bkVygt00oASowB7EdtpOHaaPgKt812P9ab+DDKA==

playwright-core@1.62.0:
  version "1.62.0"
  resolved "https://registry.yarnpkg.com/playwright-core/-/playwright-core-1.62.0.tgz#66f50795fa22d4ccb1a6f70d82264f07171fa3b5"
  integrity sha512-nsNRyq0r2zsG8AcRHWknc9QRA5XCueC7gWMrs+Gx2tlZn9hcl8zudfh00lhJPY1DE7NmZ6bDsT9g2yey8mXljA==

playwright@1.62.0:
  version "1.62.0"
  resolved "https://registry.yarnpkg.com/playwright/-/playwright-1.62.0.tgz#eddedb94b0e492a6c7425a602b0eadea35c71526"
  integrity sha512-Z14dG305dgaLu6foB1TXQagFiW8JfSUIUaUuPaKQ6NtBPKF1P/qXcqfh6c6K/icPqdy37JmjbiBXf6JNg6Sylw==
  dependencies:
    playwright-core "1.62.0"
  optionalDependencies:
    fsevents "2.3.2"

pngjs@7.0.0:
  version "7.0.0"
  resolved "https://registry.yarnpkg.com/pngjs/-/pngjs-7.0.0.tgz#a8b7446020ebbc6ac739db6c5415a65d17090e26"
  integrity sha512-LKWqWJRhstyYo9pGvgor/ivk2w94eSjE3RGVuzLGlr3NmD8bf7RcYGze1mNdEHRP6TRP6rMuDHk5t44hnTRyow==

ts-custom-error@^3.2.1:
  version "3.3.1"
  resolved "https://registry.yarnpkg.com/ts-custom-error/-/ts-custom-error-3.3.1.tgz#8bd3c8fc6b8dc8e1cb329267c45200f1e17a65d1"
  integrity sha512-5OX1tzOjxWEgsr/YEUWSuPrQ00deKLh6D7OTWcvNHm12/7QPyRh8SYpyWvA4IZv8H/+GQWQEh/kwo95Q9OVW1A==

undici-types@~8.3.0:
  version "8.3.0"
  resolved "https://registry.yarnpkg.com/undici-types/-/undici-types-8.3.0.tgz#44e9fc9f3244648cdea35e4f9bb2d681e9410809"
  integrity sha512-j375ScV60dom+YkPFIfTLcOiPxkN/buHz5GobjLhixFuANaNs3C9l4GmrWqejgXWJ7BbJcFYpTEUkS1Ge8bpZQ==
